
Microsoft Visual Studio Solution File, Format Version 12.00
# Visual Studio Version 16
VisualStudioVersion = 16.0.31702.278
MinimumVisualStudioVersion = 10.0.40219.1
Project("{FAE04EC0-301F-11D3-BF4B-00C04F79EFBC}") = "eTickets", "eTickets\eTickets.csproj", "{BC290D6A-FE24-4ECC-A123-F3711E2BCDE4}"
EndProject
Global
	GlobalSection(SolutionConfigurationPlatforms) = preSolution
		Debug|Any CPU = Debug|Any CPU
		Release|Any CPU = Release|Any CPU
	EndGlobalSection
	GlobalSection(ProjectConfigurationPlatforms) = postSolution
		{BC290D6A-FE24-4ECC-A123-F3711E2BCDE4}.Debug|Any CPU.ActiveCfg = Debug|Any CPU
		{BC290D6A-FE24-4ECC-A123-F3711E2BCDE4}.Debug|Any CPU.Build.0 = Debug|Any CPU
		{BC290D6A-FE24-4ECC-A123-F3711E2BCDE4}.Release|Any CPU.ActiveCfg = Release|Any CPU
		{BC290D6A-FE24-4ECC-A123-F3711E2BCDE4}.Release|Any CPU.Build.0 = Release|Any CPU
	EndGlobalSection
	GlobalSection(SolutionProperties) = preSolution
		HideSolutionNode = FALSE
	EndGlobalSection
	GlobalSection(ExtensibilityGlobals) = postSolution
		SolutionGuid = {E7522981-9D2A-4578-AD6C-CA177C0AFCF5}
	EndGlobalSection
EndGlobal
